// !$*UTF8*$!
{
	archiveVersion = 1;
	classes = {
	};
	objectVersion = 46;
	objects = {

/* Begin PBXBuildFile section */
		2514AEC2C5197DE4407DA8AF /* libPods-BalancedPaymentsTests.a in Frameworks */ = {isa = PBXBuildFile; fileRef = 8D811AABACF364E04C9E8B16 /* libPods-BalancedPaymentsTests.a */; };
		2EE282D85FDD282622756AA3 /* libPods-BalancedPayments.a in Frameworks */ = {isa = PBXBuildFile; fileRef = 0C3899621934356AA889BDA4 /* libPods-BalancedPayments.a */; };
		D838E5C71A54973C004BCB14 /* BAResource.m in Sources */ = {isa = PBXBuildFile; fileRef = D838E5C61A54973C004BCB14 /* BAResource.m */; };
		D83AAE651A525A4F00C2DAA7 /* BAAPI.m in Sources */ = {isa = PBXBuildFile; fileRef = D83AAE641A525A4F00C2DAA7 /* BAAPI.m */; };
		D83AAE681A525FB200C2DAA7 /* BAModel.m in Sources */ = {isa = PBXBuildFile; fileRef = D83AAE671A525FB200C2DAA7 /* BAModel.m */; };
		D83AAE6B1A52616C00C2DAA7 /* BASubject.m in Sources */ = {isa = PBXBuildFile; fileRef = D83AAE6A1A52616C00C2DAA7 /* BASubject.m */; };
		D83AAE6E1A5262C400C2DAA7 /* BAMarketplace.m in Sources */ = {isa = PBXBuildFile; fileRef = D83AAE6D1A5262C400C2DAA7 /* BAMarketplace.m */; };
		D83AAE711A52659D00C2DAA7 /* SidebarViewController.m in Sources */ = {isa = PBXBuildFile; fileRef = D83AAE701A52659D00C2DAA7 /* SidebarViewController.m */; };
		D85BD84B1A52052C004C5DBC /* main.m in Sources */ = {isa = PBXBuildFile; fileRef = D85BD84A1A52052C004C5DBC /* main.m */; };
		D85BD84E1A52052C004C5DBC /* AppDelegate.m in Sources */ = {isa = PBXBuildFile; fileRef = D85BD84D1A52052C004C5DBC /* AppDelegate.m */; };
		D85BD8511A52052C004C5DBC /* ViewController.m in Sources */ = {isa = PBXBuildFile; fileRef = D85BD8501A52052C004C5DBC /* ViewController.m */; };
		D85BD8541A52052C004C5DBC /* Main.storyboard in Resources */ = {isa = PBXBuildFile; fileRef = D85BD8521A52052C004C5DBC /* Main.storyboard */; };
		D85BD8561A52052C004C5DBC /* Images.xcassets in Resources */ = {isa = PBXBuildFile; fileRef = D85BD8551A52052C004C5DBC /* Images.xcassets */; };
		D85BD8591A52052C004C5DBC /* LaunchScreen.xib in Resources */ = {isa = PBXBuildFile; fileRef = D85BD8571A52052C004C5DBC /* LaunchScreen.xib */; };
		D85BD8651A52052C004C5DBC /* BalancedPaymentsTests.m in Sources */ = {isa = PBXBuildFile; fileRef = D85BD8641A52052C004C5DBC /* BalancedPaymentsTests.m */; };
		D8D717AB1A5212D400D8C4D6 /* RootViewController.m in Sources */ = {isa = PBXBuildFile; fileRef = D8D717AA1A5212D400D8C4D6 /* RootViewController.m */; };
/* End PBXBuildFile section */

/* Begin PBXContainerItemProxy section */
		D85BD85F1A52052C004C5DBC /* PBXContainerItemProxy */ = {
			isa = PBXContainerItemProxy;
			containerPortal = D85BD83D1A52052C004C5DBC /* Project object */;
			proxyType = 1;
			remoteGlobalIDString = D85BD8441A52052C004C5DBC;
			remoteInfo = BalancedPayments;
		};
/* End PBXContainerItemProxy section */

/* Begin PBXFileReference section */
		0C3899621934356AA889BDA4 /* libPods-BalancedPayments.a */ = {isa = PBXFileReference; explicitFileType = archive.ar; includeInIndex = 0; path = "libPods-BalancedPayments.a"; sourceTree = BUILT_PRODUCTS_DIR; };
		0DBB6A3C9E3AE4C15E35E46B /* Pods-BalancedPayments.release.xcconfig */ = {isa = PBXFileReference; includeInIndex = 1; lastKnownFileType = text.xcconfig; name = "Pods-BalancedPayments.release.xcconfig"; path = "../Pods/Target Support Files/Pods-BalancedPayments/Pods-BalancedPayments.release.xcconfig"; sourceTree = "<group>"; };
		4827AA0BBF1209E98F676A28 /* Pods-BalancedPaymentsTests.debug.xcconfig */ = {isa = PBXFileReference; includeInIndex = 1; lastKnownFileType = text.xcconfig; name = "Pods-BalancedPaymentsTests.debug.xcconfig"; path = "../Pods/Target Support Files/Pods-BalancedPaymentsTests/Pods-BalancedPaymentsTests.debug.xcconfig"; sourceTree = "<group>"; };
		8D811AABACF364E04C9E8B16 /* libPods-BalancedPaymentsTests.a */ = {isa = PBXFileReference; explicitFileType = archive.ar; includeInIndex = 0; path = "libPods-BalancedPaymentsTests.a"; sourceTree = BUILT_PRODUCTS_DIR; };
		91AA5F39F618F37939C39EF7 /* Pods-BalancedPayments.debug.xcconfig */ = {isa = PBXFileReference; includeInIndex = 1; lastKnownFileType = text.xcconfig; name = "Pods-BalancedPayments.debug.xcconfig"; path = "../Pods/Target Support Files/Pods-BalancedPayments/Pods-BalancedPayments.debug.xcconfig"; sourceTree = "<group>"; };
		D838E5C51A54973C004BCB14 /* BAResource.h */ = {isa = PBXFileReference; fileEncoding = 4; lastKnownFileType = sourcecode.c.h; name = BAResource.h; path = models/BAResource.h; sourceTree = "<group>"; };
		D838E5C61A54973C004BCB14 /* BAResource.m */ = {isa = PBXFileReference; fileEncoding = 4; lastKnownFileType = sourcecode.c.objc; name = BAResource.m; path = models/BAResource.m; sourceTree = "<group>"; };
		D83AAE631A525A4F00C2DAA7 /* BAAPI.h */ = {isa = PBXFileReference; fileEncoding = 4; lastKnownFileType = sourcecode.c.h; name = BAAPI.h; path = models/BAAPI.h; sourceTree = "<group>"; };
		D83AAE641A525A4F00C2DAA7 /* BAAPI.m */ = {isa = PBXFileReference; fileEncoding = 4; lastKnownFileType = sourcecode.c.objc; name = BAAPI.m; path = models/BAAPI.m; sourceTree = "<group>"; };
		D83AAE661A525FB200C2DAA7 /* BAModel.h */ = {isa = PBXFileReference; fileEncoding = 4; lastKnownFileType = sourcecode.c.h; name = BAModel.h; path = models/BAModel.h; sourceTree = "<group>"; };
		D83AAE671A525FB200C2DAA7 /* BAModel.m */ = {isa = PBXFileReference; fileEncoding = 4; lastKnownFileType = sourcecode.c.objc; name = BAModel.m; path = models/BAModel.m; sourceTree = "<group>"; };
		D83AAE691A52616C00C2DAA7 /* BASubject.h */ = {isa = PBXFileReference; fileEncoding = 4; lastKnownFileType = sourcecode.c.h; name = BASubject.h; path = models/BASubject.h; sourceTree = "<group>"; };
		D83AAE6A1A52616C00C2DAA7 /* BASubject.m */ = {isa = PBXFileReference; fileEncoding = 4; lastKnownFileType = sourcecode.c.objc; name = BASubject.m; path = models/BASubject.m; sourceTree = "<group>"; };
		D83AAE6C1A5262C400C2DAA7 /* BAMarketplace.h */ = {isa = PBXFileReference; fileEncoding = 4; lastKnownFileType = sourcecode.c.h; name = BAMarketplace.h; path = models/BAMarketplace.h; sourceTree = "<group>"; };
		D83AAE6D1A5262C400C2DAA7 /* BAMarketplace.m */ = {isa = PBXFileReference; fileEncoding = 4; lastKnownFileType = sourcecode.c.objc; name = BAMarketplace.m; path = models/BAMarketplace.m; sourceTree = "<group>"; };
		D83AAE6F1A52659D00C2DAA7 /* SidebarViewController.h */ = {isa = PBXFileReference; fileEncoding = 4; lastKnownFileType = sourcecode.c.h; path = SidebarViewController.h; sourceTree = "<group>"; };
		D83AAE701A52659D00C2DAA7 /* SidebarViewController.m */ = {isa = PBXFileReference; fileEncoding = 4; lastKnownFileType = sourcecode.c.objc; path = SidebarViewController.m; sourceTree = "<group>"; };
		D85BD8451A52052C004C5DBC /* BalancedPayments.app */ = {isa = PBXFileReference; explicitFileType = wrapper.application; includeInIndex = 0; path = BalancedPayments.app; sourceTree = BUILT_PRODUCTS_DIR; };
		D85BD8491A52052C004C5DBC /* Info.plist */ = {isa = PBXFileReference; lastKnownFileType = text.plist.xml; path = Info.plist; sourceTree = "<group>"; };
		D85BD84A1A52052C004C5DBC /* main.m */ = {isa = PBXFileReference; lastKnownFileType = sourcecode.c.objc; path = main.m; sourceTree = "<group>"; };
		D85BD84C1A52052C004C5DBC /* AppDelegate.h */ = {isa = PBXFileReference; lastKnownFileType = sourcecode.c.h; path = AppDelegate.h; sourceTree = "<group>"; };
		D85BD84D1A52052C004C5DBC /* AppDelegate.m */ = {isa = PBXFileReference; lastKnownFileType = sourcecode.c.objc; path = AppDelegate.m; sourceTree = "<group>"; };
		D85BD84F1A52052C004C5DBC /* ViewController.h */ = {isa = PBXFileReference; lastKnownFileType = sourcecode.c.h; path = ViewController.h; sourceTree = "<group>"; };
		D85BD8501A52052C004C5DBC /* ViewController.m */ = {isa = PBXFileReference; lastKnownFileType = sourcecode.c.objc; path = ViewController.m; sourceTree = "<group>"; };
		D85BD8531A52052C004C5DBC /* Base */ = {isa = PBXFileReference; lastKnownFileType = file.storyboard; name = Base; path = Base.lproj/Main.storyboard; sourceTree = "<group>"; };
		D85BD8551A52052C004C5DBC /* Images.xcassets */ = {isa = PBXFileReference; lastKnownFileType = folder.assetcatalog; path = Images.xcassets; sourceTree = "<group>"; };
		D85BD8581A52052C004C5DBC /* Base */ = {isa = PBXFileReference; lastKnownFileType = file.xib; name = Base; path = Base.lproj/LaunchScreen.xib; sourceTree = "<group>"; };
		D85BD85E1A52052C004C5DBC /* BalancedPaymentsTests.xctest */ = {isa = PBXFileReference; explicitFileType = wrapper.cfbundle; includeInIndex = 0; path = BalancedPaymentsTests.xctest; sourceTree = BUILT_PRODUCTS_DIR; };
		D85BD8631A52052C004C5DBC /* Info.plist */ = {isa = PBXFileReference; lastKnownFileType = text.plist.xml; path = Info.plist; sourceTree = "<group>"; };
		D85BD8641A52052C004C5DBC /* BalancedPaymentsTests.m */ = {isa = PBXFileReference; lastKnownFileType = sourcecode.c.objc; path = BalancedPaymentsTests.m; sourceTree = "<group>"; };
		D8D717A91A5212D400D8C4D6 /* RootViewController.h */ = {isa = PBXFileReference; fileEncoding = 4; lastKnownFileType = sourcecode.c.h; path = RootViewController.h; sourceTree = "<group>"; };
		D8D717AA1A5212D400D8C4D6 /* RootViewController.m */ = {isa = PBXFileReference; fileEncoding = 4; lastKnownFileType = sourcecode.c.objc; path = RootViewController.m; sourceTree = "<group>"; };
		FC6E88D479A13AFB33F9DE1C /* Pods-BalancedPaymentsTests.release.xcconfig */ = {isa = PBXFileReference; includeInIndex = 1; lastKnownFileType = text.xcconfig; name = "Pods-BalancedPaymentsTests.release.xcconfig"; path = "../Pods/Target Support Files/Pods-BalancedPaymentsTests/Pods-BalancedPaymentsTests.release.xcconfig"; sourceTree = "<group>"; };
/* End PBXFileReference section */

/* Begin PBXFrameworksBuildPhase section */
		D85BD8421A52052C004C5DBC /* Frameworks */ = {
			isa = PBXFrameworksBuildPhase;
			buildActionMask = 2147483647;
			files = (
				2EE282D85FDD282622756AA3 /* libPods-BalancedPayments.a in Frameworks */,
			);
			runOnlyForDeploymentPostprocessing = 0;
		};
		D85BD85B1A52052C004C5DBC /* Frameworks */ = {
			isa = PBXFrameworksBuildPhase;
			buildActionMask = 2147483647;
			files = (
				2514AEC2C5197DE4407DA8AF /* libPods-BalancedPaymentsTests.a in Frameworks */,
			);
			runOnlyForDeploymentPostprocessing = 0;
		};
/* End PBXFrameworksBuildPhase section */

/* Begin PBXGroup section */
		A5C1B9C7B25C4BB2C77A880E /* Pods */ = {
			isa = PBXGroup;
			children = (
				91AA5F39F618F37939C39EF7 /* Pods-BalancedPayments.debug.xcconfig */,
				0DBB6A3C9E3AE4C15E35E46B /* Pods-BalancedPayments.release.xcconfig */,
				4827AA0BBF1209E98F676A28 /* Pods-BalancedPaymentsTests.debug.xcconfig */,
				FC6E88D479A13AFB33F9DE1C /* Pods-BalancedPaymentsTests.release.xcconfig */,
			);
			name = Pods;
			sourceTree = "<group>";
		};
		B685F0928EDC1168EDDA5551 /* Frameworks */ = {
			isa = PBXGroup;
			children = (
				0C3899621934356AA889BDA4 /* libPods-BalancedPayments.a */,
				8D811AABACF364E04C9E8B16 /* libPods-BalancedPaymentsTests.a */,
			);
			name = Frameworks;
			sourceTree = "<group>";
		};
		D83AAE621A525A1A00C2DAA7 /* Models */ = {
			isa = PBXGroup;
			children = (
				D83AAE631A525A4F00C2DAA7 /* BAAPI.h */,
				D83AAE641A525A4F00C2DAA7 /* BAAPI.m */,
				D83AAE691A52616C00C2DAA7 /* BASubject.h */,
				D83AAE6A1A52616C00C2DAA7 /* BASubject.m */,
				D83AAE661A525FB200C2DAA7 /* BAModel.h */,
				D83AAE671A525FB200C2DAA7 /* BAModel.m */,
				D838E5C51A54973C004BCB14 /* BAResource.h */,
				D838E5C61A54973C004BCB14 /* BAResource.m */,
				D83AAE6C1A5262C400C2DAA7 /* BAMarketplace.h */,
				D83AAE6D1A5262C400C2DAA7 /* BAMarketplace.m */,
			);
			name = Models;
			sourceTree = "<group>";
		};
		D85BD83C1A52052C004C5DBC = {
			isa = PBXGroup;
			children = (
				D85BD8471A52052C004C5DBC /* BalancedPayments */,
				D85BD8611A52052C004C5DBC /* BalancedPaymentsTests */,
				D85BD8461A52052C004C5DBC /* Products */,
				A5C1B9C7B25C4BB2C77A880E /* Pods */,
				B685F0928EDC1168EDDA5551 /* Frameworks */,
			);
			sourceTree = "<group>";
		};
		D85BD8461A52052C004C5DBC /* Products */ = {
			isa = PBXGroup;
			children = (
				D85BD8451A52052C004C5DBC /* BalancedPayments.app */,
				D85BD85E1A52052C004C5DBC /* BalancedPaymentsTests.xctest */,
			);
			name = Products;
			sourceTree = "<group>";
		};
		D85BD8471A52052C004C5DBC /* BalancedPayments */ = {
			isa = PBXGroup;
			children = (
				D83AAE621A525A1A00C2DAA7 /* Models */,
				D85BD84C1A52052C004C5DBC /* AppDelegate.h */,
				D85BD84D1A52052C004C5DBC /* AppDelegate.m */,
				D85BD84F1A52052C004C5DBC /* ViewController.h */,
				D85BD8501A52052C004C5DBC /* ViewController.m */,
				D8D717A91A5212D400D8C4D6 /* RootViewController.h */,
				D8D717AA1A5212D400D8C4D6 /* RootViewController.m */,
				D83AAE6F1A52659D00C2DAA7 /* SidebarViewController.h */,
				D83AAE701A52659D00C2DAA7 /* SidebarViewController.m */,
				D85BD8521A52052C004C5DBC /* Main.storyboard */,
				D85BD8551A52052C004C5DBC /* Images.xcassets */,
				D85BD8571A52052C004C5DBC /* LaunchScreen.xib */,
				D85BD8481A52052C004C5DBC /* Supporting Files */,
			);
			path = BalancedPayments;
			sourceTree = "<group>";
		};
		D85BD8481A52052C004C5DBC /* Supporting Files */ = {
			isa = PBXGroup;
			children = (
				D85BD8491A52052C004C5DBC /* Info.plist */,
				D85BD84A1A52052C004C5DBC /* main.m */,
			);
			name = "Supporting Files";
			sourceTree = "<group>";
		};
		D85BD8611A52052C004C5DBC /* BalancedPaymentsTests */ = {
			isa = PBXGroup;
			children = (
				D85BD8641A52052C004C5DBC /* BalancedPaymentsTests.m */,
				D85BD8621A52052C004C5DBC /* Supporting Files */,
			);
			path = BalancedPaymentsTests;
			sourceTree = "<group>";
		};
		D85BD8621A52052C004C5DBC /* Supporting Files */ = {
			isa = PBXGroup;
			children = (
				D85BD8631A52052C004C5DBC /* Info.plist */,
			);
			name = "Supporting Files";
			sourceTree = "<group>";
		};
/* End PBXGroup section */

/* Begin PBXNativeTarget section */
		D85BD8441A52052C004C5DBC /* BalancedPayments */ = {
			isa = PBXNativeTarget;
			buildConfigurationList = D85BD8681A52052C004C5DBC /* Build configuration list for PBXNativeTarget "BalancedPayments" */;
			buildPhases = (
				C91145B9D829F747680F30DA /* Check Pods Manifest.lock */,
				D85BD8411A52052C004C5DBC /* Sources */,
				D85BD8421A52052C004C5DBC /* Frameworks */,
				D85BD8431A52052C004C5DBC /* Resources */,
				860BACB8EDAE3F813B0C0452 /* Copy Pods Resources */,
			);
			buildRules = (
			);
			dependencies = (
			);
			name = BalancedPayments;
			productName = BalancedPayments;
			productReference = D85BD8451A52052C004C5DBC /* BalancedPayments.app */;
			productType = "com.apple.product-type.application";
		};
		D85BD85D1A52052C004C5DBC /* BalancedPaymentsTests */ = {
			isa = PBXNativeTarget;
			buildConfigurationList = D85BD86B1A52052C004C5DBC /* Build configuration list for PBXNativeTarget "BalancedPaymentsTests" */;
			buildPhases = (
				E68987F4D60980A41E3D1B03 /* Check Pods Manifest.lock */,
				D85BD85A1A52052C004C5DBC /* Sources */,
				D85BD85B1A52052C004C5DBC /* Frameworks */,
				D85BD85C1A52052C004C5DBC /* Resources */,
				9A7FAAC3A698AA90AC5BCEBC /* Copy Pods Resources */,
			);
			buildRules = (
			);
			dependencies = (
				D85BD8601A52052C004C5DBC /* PBXTargetDependency */,
			);
			name = BalancedPaymentsTests;
			productName = BalancedPaymentsTests;
			productReference = D85BD85E1A52052C004C5DBC /* BalancedPaymentsTests.xctest */;
			productType = "com.apple.product-type.bundle.unit-test";
		};
/* End PBXNativeTarget section */

/* Begin PBXProject section */
		D85BD83D1A52052C004C5DBC /* Project object */ = {
			isa = PBXProject;
			attributes = {
				LastUpgradeCheck = 0610;
				ORGANIZATIONNAME = "Balanced Payments";
				TargetAttributes = {
					D85BD8441A52052C004C5DBC = {
						CreatedOnToolsVersion = 6.1.1;
					};
					D85BD85D1A52052C004C5DBC = {
						CreatedOnToolsVersion = 6.1.1;
						TestTargetID = D85BD8441A52052C004C5DBC;
					};
				};
			};
			buildConfigurationList = D85BD8401A52052C004C5DBC /* Build configuration list for PBXProject "BalancedPayments" */;
			compatibilityVersion = "Xcode 3.2";
			developmentRegion = English;
			hasScannedForEncodings = 0;
			knownRegions = (
				en,
				Base,
			);
			mainGroup = D85BD83C1A52052C004C5DBC;
			productRefGroup = D85BD8461A52052C004C5DBC /* Products */;
			projectDirPath = "";
			projectRoot = "";
			targets = (
				D85BD8441A52052C004C5DBC /* BalancedPayments */,
				D85BD85D1A52052C004C5DBC /* BalancedPaymentsTests */,
			);
		};
/* End PBXProject section */

/* Begin PBXResourcesBuildPhase section */
		D85BD8431A52052C004C5DBC /* Resources */ = {
			isa = PBXResourcesBuildPhase;
			buildActionMask = 2147483647;
			files = (
				D85BD8541A52052C004C5DBC /* Main.storyboard in Resources */,
				D85BD8591A52052C004C5DBC /* LaunchScreen.xib in Resources */,
				D85BD8561A52052C004C5DBC /* Images.xcassets in Resources */,
			);
			runOnlyForDeploymentPostprocessing = 0;
		};
		D85BD85C1A52052C004C5DBC /* Resources */ = {
			isa = PBXResourcesBuildPhase;
			buildActionMask = 2147483647;
			files = (
			);
			runOnlyForDeploymentPostprocessing = 0;
		};
/* End PBXResourcesBuildPhase section */

/* Begin PBXShellScriptBuildPhase section */
		860BACB8EDAE3F813B0C0452 /* Copy Pods Resources */ = {
			isa = PBXShellScriptBuildPhase;
			buildActionMask = 2147483647;
			files = (
			);
			inputPaths = (
			);
			name = "Copy Pods Resources";
			outputPaths = (
			);
			runOnlyForDeploymentPostprocessing = 0;
			shellPath = /bin/sh;
			shellScript = "\"${SRCROOT}/../Pods/Target Support Files/Pods-BalancedPayments/Pods-BalancedPayments-resources.sh\"\n";
			showEnvVarsInLog = 0;
		};
		9A7FAAC3A698AA90AC5BCEBC /* Copy Pods Resources */ = {
			isa = PBXShellScriptBuildPhase;
			buildActionMask = 2147483647;
			files = (
			);
			inputPaths = (
			);
			name = "Copy Pods Resources";
			outputPaths = (
			);
			runOnlyForDeploymentPostprocessing = 0;
			shellPath = /bin/sh;
			shellScript = "\"${SRCROOT}/../Pods/Target Support Files/Pods-BalancedPaymentsTests/Pods-BalancedPaymentsTests-resources.sh\"\n";
			showEnvVarsInLog = 0;
		};
		C91145B9D829F747680F30DA /* Check Pods Manifest.lock */ = {
			isa = PBXShellScriptBuildPhase;
			buildActionMask = 2147483647;
			files = (
			);
			inputPaths = (
			);
			name = "Check Pods Manifest.lock";
			outputPaths = (
			);
			runOnlyForDeploymentPostprocessing = 0;
			shellPath = /bin/sh;
			shellScript = "diff \"${PODS_ROOT}/../Podfile.lock\" \"${PODS_ROOT}/Manifest.lock\" > /dev/null\nif [[ $? != 0 ]] ; then\n    cat << EOM\nerror: The sandbox is not in sync with the Podfile.lock. Run 'pod install' or update your CocoaPods installation.\nEOM\n    exit 1\nfi\n";
			showEnvVarsInLog = 0;
		};
		E68987F4D60980A41E3D1B03 /* Check Pods Manifest.lock */ = {
			isa = PBXShellScriptBuildPhase;
			buildActionMask = 2147483647;
			files = (
			);
			inputPaths = (
			);
			name = "Check Pods Manifest.lock";
			outputPaths = (
			);
			runOnlyForDeploymentPostprocessing = 0;
			shellPath = /bin/sh;
			shellScript = "diff \"${PODS_ROOT}/../Podfile.lock\" \"${PODS_ROOT}/Manifest.lock\" > /dev/null\nif [[ $? != 0 ]] ; then\n    cat << EOM\nerror: The sandbox is not in sync with the Podfile.lock. Run 'pod install' or update your CocoaPods installation.\nEOM\n    exit 1\nfi\n";
			showEnvVarsInLog = 0;
		};
/* End PBXShellScriptBuildPhase section */

/* Begin PBXSourcesBuildPhase section */
		D85BD8411A52052C004C5DBC /* Sources */ = {
			isa = PBXSourcesBuildPhase;
			buildActionMask = 2147483647;
			files = (
				D83AAE711A52659D00C2DAA7 /* SidebarViewController.m in Sources */,
				D83AAE6B1A52616C00C2DAA7 /* BASubject.m in Sources */,
				D85BD8511A52052C004C5DBC /* ViewController.m in Sources */,
				D85BD84E1A52052C004C5DBC /* AppDelegate.m in Sources */,
				D83AAE681A525FB200C2DAA7 /* BAModel.m in Sources */,
				D8D717AB1A5212D400D8C4D6 /* RootViewController.m in Sources */,
				D838E5C71A54973C004BCB14 /* BAResource.m in Sources */,
				D83AAE651A525A4F00C2DAA7 /* BAAPI.m in Sources */,
				D83AAE6E1A5262C400C2DAA7 /* BAMarketplace.m in Sources */,
				D85BD84B1A52052C004C5DBC /* main.m in Sources */,
			);
			runOnlyForDeploymentPostprocessing = 0;
		};
		D85BD85A1A52052C004C5DBC /* Sources */ = {
			isa = PBXSourcesBuildPhase;
			buildActionMask = 2147483647;
			files = (
				D85BD8651A52052C004C5DBC /* BalancedPaymentsTests.m in Sources */,
			);
			runOnlyForDeploymentPostprocessing = 0;
		};
/* End PBXSourcesBuildPhase section */

/* Begin PBXTargetDependency section */
		D85BD8601A52052C004C5DBC /* PBXTargetDependency */ = {
			isa = PBXTargetDependency;
			target = D85BD8441A52052C004C5DBC /* BalancedPayments */;
			targetProxy = D85BD85F1A52052C004C5DBC /* PBXContainerItemProxy */;
		};
/* End PBXTargetDependency section */

/* Begin PBXVariantGroup section */
		D85BD8521A52052C004C5DBC /* Main.storyboard */ = {
			isa = PBXVariantGroup;
			children = (
				D85BD8531A52052C004C5DBC /* Base */,
			);
			name = Main.storyboard;
			sourceTree = "<group>";
		};
		D85BD8571A52052C004C5DBC /* LaunchScreen.xib */ = {
			isa = PBXVariantGroup;
			children = (
				D85BD8581A52052C004C5DBC /* Base */,
			);
			name = LaunchScreen.xib;
			sourceTree = "<group>";
		};
/* End PBXVariantGroup section */

/* Begin XCBuildConfiguration section */
		D85BD8661A52052C004C5DBC /* Debug */ = {
			isa = XCBuildConfiguration;
			buildSettings = {
				ALWAYS_SEARCH_USER_PATHS = NO;
				CLANG_CXX_LANGUAGE_STANDARD = "gnu++0x";
				CLANG_CXX_LIBRARY = "libc++";
				CLANG_ENABLE_MODULES = YES;
				CLANG_ENABLE_OBJC_ARC = YES;
				CLANG_WARN_BOOL_CONVERSION = YES;
				CLANG_WARN_CONSTANT_CONVERSION = YES;
				CLANG_WARN_DIRECT_OBJC_ISA_USAGE = YES_ERROR;
				CLANG_WARN_EMPTY_BODY = YES;
				CLANG_WARN_ENUM_CONVERSION = YES;
				CLANG_WARN_INT_CONVERSION = YES;
				CLANG_WARN_OBJC_ROOT_CLASS = YES_ERROR;
				CLANG_WARN_UNREACHABLE_CODE = YES;
				CLANG_WARN__DUPLICATE_METHOD_MATCH = YES;
				"CODE_SIGN_IDENTITY[sdk=iphoneos*]" = "iPhone Developer";
				COPY_PHASE_STRIP = NO;
				ENABLE_STRICT_OBJC_MSGSEND = YES;
				GCC_C_LANGUAGE_STANDARD = gnu99;
				GCC_DYNAMIC_NO_PIC = NO;
				GCC_OPTIMIZATION_LEVEL = 0;
				GCC_PREPROCESSOR_DEFINITIONS = (
					"DEBUG=1",
					"$(inherited)",
				);
				GCC_SYMBOLS_PRIVATE_EXTERN = NO;
				GCC_WARN_64_TO_32_BIT_CONVERSION = YES;
				GCC_WARN_ABOUT_RETURN_TYPE = YES_ERROR;
				GCC_WARN_UNDECLARED_SELECTOR = YES;
				GCC_WARN_UNINITIALIZED_AUTOS = YES_AGGRESSIVE;
				GCC_WARN_UNUSED_FUNCTION = YES;
				GCC_WARN_UNUSED_VARIABLE = YES;
				IPHONEOS_DEPLOYMENT_TARGET = 7.0;
				MTL_ENABLE_DEBUG_INFO = YES;
				ONLY_ACTIVE_ARCH = YES;
				SDKROOT = iphoneos;
			};
			name = Debug;
		};
		D85BD8671A52052C004C5DBC /* Release */ = {
			isa = XCBuildConfiguration;
			buildSettings = {
				ALWAYS_SEARCH_USER_PATHS = NO;
				CLANG_CXX_LANGUAGE_STANDARD = "gnu++0x";
				CLANG_CXX_LIBRARY = "libc++";
				CLANG_ENABLE_MODULES = YES;
				CLANG_ENABLE_OBJC_ARC = YES;
				CLANG_WARN_BOOL_CONVERSION = YES;
				CLANG_WARN_CONSTANT_CONVERSION = YES;
				CLANG_WARN_DIRECT_OBJC_ISA_USAGE = YES_ERROR;
				CLANG_WARN_EMPTY_BODY = YES;
				CLANG_WARN_ENUM_CONVERSION = YES;
				CLANG_WARN_INT_CONVERSION = YES;
				CLANG_WARN_OBJC_ROOT_CLASS = YES_ERROR;
				CLANG_WARN_UNREACHABLE_CODE = YES;
				CLANG_WARN__DUPLICATE_METHOD_MATCH = YES;
				"CODE_SIGN_IDENTITY[sdk=iphoneos*]" = "iPhone Developer";
				COPY_PHASE_STRIP = YES;
				ENABLE_NS_ASSERTIONS = NO;
				ENABLE_STRICT_OBJC_MSGSEND = YES;
				GCC_C_LANGUAGE_STANDARD = gnu99;
				GCC_WARN_64_TO_32_BIT_CONVERSION = YES;
				GCC_WARN_ABOUT_RETURN_TYPE = YES_ERROR;
				GCC_WARN_UNDECLARED_SELECTOR = YES;
				GCC_WARN_UNINITIALIZED_AUTOS = YES_AGGRESSIVE;
				GCC_WARN_UNUSED_FUNCTION = YES;
				GCC_WARN_UNUSED_VARIABLE = YES;
				IPHONEOS_DEPLOYMENT_TARGET = 7.0;
				MTL_ENABLE_DEBUG_INFO = NO;
				SDKROOT = iphoneos;
				VALIDATE_PRODUCT = YES;
			};
			name = Release;
		};
		D85BD8691A52052C004C5DBC /* Debug */ = {
			isa = XCBuildConfiguration;
			baseConfigurationReference = 91AA5F39F618F37939C39EF7 /* Pods-BalancedPayments.debug.xcconfig */;
			buildSettings = {
				ASSETCATALOG_COMPILER_APPICON_NAME = AppIcon;
				INFOPLIST_FILE = BalancedPayments/Info.plist;
				IPHONEOS_DEPLOYMENT_TARGET = 7.0;
				LD_RUNPATH_SEARCH_PATHS = "$(inherited) @executable_path/Frameworks";
				PRODUCT_NAME = "$(TARGET_NAME)";
			};
			name = Debug;
		};
		D85BD86A1A52052C004C5DBC /* Release */ = {
			isa = XCBuildConfiguration;
			baseConfigurationReference = 0DBB6A3C9E3AE4C15E35E46B /* Pods-BalancedPayments.release.xcconfig */;
			buildSettings = {
				ASSETCATALOG_COMPILER_APPICON_NAME = AppIcon;
				INFOPLIST_FILE = BalancedPayments/Info.plist;
				IPHONEOS_DEPLOYMENT_TARGET = 7.0;
				LD_RUNPATH_SEARCH_PATHS = "$(inherited) @executable_path/Frameworks";
				PRODUCT_NAME = "$(TARGET_NAME)";
			};
			name = Release;
		};
		D85BD86C1A52052C004C5DBC /* Debug */ = {
			isa = XCBuildConfiguration;
			baseConfigurationReference = 4827AA0BBF1209E98F676A28 /* Pods-BalancedPaymentsTests.debug.xcconfig */;
			buildSettings = {
				BUNDLE_LOADER = "$(TEST_HOST)";
				FRAMEWORK_SEARCH_PATHS = (
					"$(SDKROOT)/Developer/Library/Frameworks",
					"$(inherited)",
				);
				GCC_PREPROCESSOR_DEFINITIONS = (
					"DEBUG=1",
					"$(inherited)",
				);
				INFOPLIST_FILE = BalancedPaymentsTests/Info.plist;
				LD_RUNPATH_SEARCH_PATHS = "$(inherited) @executable_path/Frameworks @loader_path/Frameworks";
				PRODUCT_NAME = "$(TARGET_NAME)";
				TEST_HOST = "$(BUILT_PRODUCTS_DIR)/BalancedPayments.app/BalancedPayments";
			};
			name = Debug;
		};
		D85BD86D1A52052C004C5DBC /* Release */ = {
			isa = XCBuildConfiguration;
			baseConfigurationReference = FC6E88D479A13AFB33F9DE1C /* Pods-BalancedPaymentsTests.release.xcconfig */;
			buildSettings = {
				BUNDLE_LOADER = "$(TEST_HOST)";
				FRAMEWORK_SEARCH_PATHS = (
					"$(SDKROOT)/Developer/Library/Frameworks",
					"$(inherited)",
				);
				INFOPLIST_FILE = BalancedPaymentsTests/Info.plist;
				LD_RUNPATH_SEARCH_PATHS = "$(inherited) @executable_path/Frameworks @loader_path/Frameworks";
				PRODUCT_NAME = "$(TARGET_NAME)";
				TEST_HOST = "$(BUILT_PRODUCTS_DIR)/BalancedPayments.app/BalancedPayments";
			};
			name = Release;
		};
/* End XCBuildConfiguration section */

/* Begin XCConfigurationList section */
		D85BD8401A52052C004C5DBC /* Build configuration list for PBXProject "BalancedPayments" */ = {
			isa = XCConfigurationList;
			buildConfigurations = (
				D85BD8661A52052C004C5DBC /* Debug */,
				D85BD8671A52052C004C5DBC /* Release */,
			);
			defaultConfigurationIsVisible = 0;
			defaultConfigurationName = Release;
		};
		D85BD8681A52052C004C5DBC /* Build configuration list for PBXNativeTarget "BalancedPayments" */ = {
			isa = XCConfigurationList;
			buildConfigurations = (
				D85BD8691A52052C004C5DBC /* Debug */,
				D85BD86A1A52052C004C5DBC /* Release */,
			);
			defaultConfigurationIsVisible = 0;
			defaultConfigurationName = Release;
		};
		D85BD86B1A52052C004C5DBC /* Build configuration list for PBXNativeTarget "BalancedPaymentsTests" */ = {
			isa = XCConfigurationList;
			buildConfigurations = (
				D85BD86C1A52052C004C5DBC /* Debug */,
				D85BD86D1A52052C004C5DBC /* Release */,
			);
			defaultConfigurationIsVisible = 0;
			defaultConfigurationName = Release;
		};
/* End XCConfigurationList section */
	};
	rootObject = D85BD83D1A52052C004C5DBC /* Project object */;
}
